
Microsoft Visual Studio Solution File, Format Version 12.00
# Visual Studio Version 17
VisualStudioVersion = 17.5.002.0
MinimumVisualStudioVersion = 10.0.40219.1
Project("{9A19103F-16F7-4668-BE54-9A1E7A4F7556}") = "DOTNET_C#_PRACTICE", "DOTNET_C#_PRACTICE.csproj", "{8F114860-E09E-4615-A146-97E22C3AFCF2}"
EndProject
Global
	GlobalSection(SolutionConfigurationPlatforms) = preSolution
		Debug|Any CPU = Debug|Any CPU
		Release|Any CPU = Release|Any CPU
	EndGlobalSection
	GlobalSection(ProjectConfigurationPlatforms) = postSolution
		{8F114860-E09E-4615-A146-97E22C3AFCF2}.Debug|Any CPU.ActiveCfg = Debug|Any CPU
		{8F114860-E09E-4615-A146-97E22C3AFCF2}.Debug|Any CPU.Build.0 = Debug|Any CPU
		{8F114860-E09E-4615-A146-97E22C3AFCF2}.Release|Any CPU.ActiveCfg = Release|Any CPU
		{8F114860-E09E-4615-A146-97E22C3AFCF2}.Release|Any CPU.Build.0 = Release|Any CPU
	EndGlobalSection
	GlobalSection(SolutionProperties) = preSolution
		HideSolutionNode = FALSE
	EndGlobalSection
	GlobalSection(ExtensibilityGlobals) = postSolution
		SolutionGuid = {33A07B46-9077-4EC5-A508-7321BC119163}
	EndGlobalSection
EndGlobal
